
Microsoft Visual Studio Solution File, Format Version 12.00
# Visual Studio Version 17
VisualStudioVersion = 17.1.32414.318
MinimumVisualStudioVersion = 10.0.40219.1
Project("{9A19103F-16F7-4668-BE54-9A1E7A4F7556}") = "Parquet", "Parquet\Parquet.csproj", "{90FC7513-DF30-483E-8B5F-E866DA97BBED}"
EndProject
Project("{2150E333-8FDC-42A3-9474-1A3956D46DE8}") = "Solution", "Solution", "{43F8084C-7987-4A53-B6E6-3D0B079D253D}"
	ProjectSection(SolutionItems) = preProject
		.gitignore = .gitignore
		.gitversion = .gitversion
		LICENSE.md = LICENSE.md
		README.md = README.md
	EndProjectSection
EndProject
Project("{2150E333-8FDC-42A3-9474-1A3956D46DE8}") = "github", "github", "{EB8F0142-7010-4A8E-82D6-F6992FBFBD47}"
	ProjectSection(SolutionItems) = preProject
		.github\workflows\ci.yml = .github\workflows\ci.yml
		.github\workflows\pr-comment.yml = .github\workflows\pr-comment.yml
	EndProjectSection
EndProject
Project("{9A19103F-16F7-4668-BE54-9A1E7A4F7556}") = "Parquet.Tests", "Parquet.Tests\Parquet.Tests.csproj", "{248E5634-121A-4DAC-9055-6D05587ED691}"
EndProject
Project("{FAE04EC0-301F-11D3-BF4B-00C04F79EFBC}") = "Parquet.Core", "Parquet.Core\Parquet.Core.csproj", "{4D22CB7F-5E50-46D8-9D9D-37BF92F224E9}"
EndProject
Global
	GlobalSection(SolutionConfigurationPlatforms) = preSolution
		Debug|Any CPU = Debug|Any CPU
		Release|Any CPU = Release|Any CPU
	EndGlobalSection
	GlobalSection(ProjectConfigurationPlatforms) = postSolution
		{90FC7513-DF30-483E-8B5F-E866DA97BBED}.Debug|Any CPU.ActiveCfg = Debug|Any CPU
		{90FC7513-DF30-483E-8B5F-E866DA97BBED}.Debug|Any CPU.Build.0 = Debug|Any CPU
		{90FC7513-DF30-483E-8B5F-E866DA97BBED}.Release|Any CPU.ActiveCfg = Release|Any CPU
		{90FC7513-DF30-483E-8B5F-E866DA97BBED}.Release|Any CPU.Build.0 = Release|Any CPU
		{248E5634-121A-4DAC-9055-6D05587ED691}.Debug|Any CPU.ActiveCfg = Debug|Any CPU
		{248E5634-121A-4DAC-9055-6D05587ED691}.Debug|Any CPU.Build.0 = Debug|Any CPU
		{248E5634-121A-4DAC-9055-6D05587ED691}.Release|Any CPU.ActiveCfg = Release|Any CPU
		{248E5634-121A-4DAC-9055-6D05587ED691}.Release|Any CPU.Build.0 = Release|Any CPU
		{4D22CB7F-5E50-46D8-9D9D-37BF92F224E9}.Debug|Any CPU.ActiveCfg = Debug|Any CPU
		{4D22CB7F-5E50-46D8-9D9D-37BF92F224E9}.Debug|Any CPU.Build.0 = Debug|Any CPU
		{4D22CB7F-5E50-46D8-9D9D-37BF92F224E9}.Release|Any CPU.ActiveCfg = Release|Any CPU
		{4D22CB7F-5E50-46D8-9D9D-37BF92F224E9}.Release|Any CPU.Build.0 = Release|Any CPU
	EndGlobalSection
	GlobalSection(SolutionProperties) = preSolution
		HideSolutionNode = FALSE
	EndGlobalSection
	GlobalSection(NestedProjects) = preSolution
		{EB8F0142-7010-4A8E-82D6-F6992FBFBD47} = {43F8084C-7987-4A53-B6E6-3D0B079D253D}
	EndGlobalSection
	GlobalSection(ExtensibilityGlobals) = postSolution
		SolutionGuid = {0EAF7B81-504D-4A21-8A54-8FCD001E7B21}
	EndGlobalSection
EndGlobal
